
Microsoft Visual Studio Solution File, Format Version 12.00
# Visual Studio Version 17
VisualStudioVersion = 17.5.002.0
MinimumVisualStudioVersion = 10.0.40219.1
Project("{9A19103F-16F7-4668-BE54-9A1E7A4F7556}") = "DesafioProjetoHospedagem", "DesafioProjetoHospedagem.csproj", "{0C882CEB-804E-416E-94B9-E69137B51037}"
EndProject
Global
	GlobalSection(SolutionConfigurationPlatforms) = preSolution
		Debug|Any CPU = Debug|Any CPU
		Release|Any CPU = Release|Any CPU
	EndGlobalSection
	GlobalSection(ProjectConfigurationPlatforms) = postSolution
		{0C882CEB-804E-416E-94B9-E69137B51037}.Debug|Any CPU.ActiveCfg = Debug|Any CPU
		{0C882CEB-804E-416E-94B9-E69137B51037}.Debug|Any CPU.Build.0 = Debug|Any CPU
		{0C882CEB-804E-416E-94B9-E69137B51037}.Release|Any CPU.ActiveCfg = Release|Any CPU
		{0C882CEB-804E-416E-94B9-E69137B51037}.Release|Any CPU.Build.0 = Release|Any CPU
	EndGlobalSection
	GlobalSection(SolutionProperties) = preSolution
		HideSolutionNode = FALSE
	EndGlobalSection
	GlobalSection(ExtensibilityGlobals) = postSolution
		SolutionGuid = {0CAB0992-BDC1-481E-94FE-EE1981291DEA}
	EndGlobalSection
EndGlobal
